# THIS IS AN AUTOGENERATED FILE. DO NOT EDIT THIS FILE DIRECTLY.
# yarn lockfile v1


lodash.debounce@^4.0.8:
  version "4.0.8"
  resolved "https://registry.yarnpkg.com/lodash.debounce/-/lodash.debounce-4.0.8.tgz#82d79bff30a67c4005ffd5e2515300ad9ca4d7af"
  integrity sha512-FT1yDzDYEoYWhnSGnpE/4Kj1fLZkDFyqRb7fNt6FdYOSxlUWAtp42Eh6Wb0rGIv/m9Bgo7x4GhQbm5Ys4SG5ow==

react-speech-recognition@^4.0.1:
  version "4.0.1"
  resolved "https://registry.yarnpkg.com/react-speech-recognition/-/react-speech-recognition-4.0.1.tgz#30eaccef338fc8f42a80e80a07670046ee28feab"
  integrity sha512-0fIqzLtfY8vuYA6AmJVK7qiabZx0oFKOO+rbiBgFI3COWVGREy0A+gdU16hWXmFebeyrI8JsOLYsWk6WaHUXRw==
  dependencies:
    lodash.debounce "^4.0.8"

typescript@^5.9.3:
  version "5.9.3"
  resolved "https://registry.yarnpkg.com/typescript/-/typescript-5.9.3.tgz#5b4f59e15310ab17a216f5d6cf53ee476ede670f"
  integrity sha512-jl1vZzPDinLr9eUt3J/t7V6FgNEw9QjvBPdysz9KfQDD41fQrC2Y4vKQdiaUpFT4bXlb1RHhLpp8wtm6M5TgSw==
